# Generated by buf. DO NOT EDIT.
version: v2
deps:
  - name: buf.build/bufbuild/protovalidate
    commit: 52f32327d4b045a79293a6ad4e7e1236
    digest: b5:cbabc98d4b7b7b0447c9b15f68eeb8a7a44ef8516cb386ac5f66e7fd4062cd6723ed3f452ad8c384b851f79e33d26e7f8a94e2b807282b3def1cd966c7eace97
  - name: buf.build/googleapis/googleapis
    commit: 7a6bc1e3207144b38e9066861e1de0ff
    digest: b5:6d05bde5ed4cd22531d7ca6467feb828d2dc45cc9de12ce3345fbddd64ddb1bf0db756558c32ca49e6bc7de4426ada8960d5590e8446854b81f5f36f0916dc48
